
Microsoft Visual Studio Solution File, Format Version 12.00
# Visual Studio Version 17
VisualStudioVersion = 17.14.37111.16 d17.14
MinimumVisualStudioVersion = 10.0.40219.1
Project("{FAE04EC0-301F-11D3-BF4B-00C04F79EFBC}") = "DataEntrySystem.API", "DataEntrySystem.API.csproj", "{F1CA18AB-62CA-6172-821C-EF3CA54A682A}"
EndProject
Global
	GlobalSection(SolutionConfigurationPlatforms) = preSolution
		Debug|Any CPU = Debug|Any CPU
		Release|Any CPU = Release|Any CPU
	EndGlobalSection
	GlobalSection(ProjectConfigurationPlatforms) = postSolution
		{F1CA18AB-62CA-6172-821C-EF3CA54A682A}.Debug|Any CPU.ActiveCfg = Debug|Any CPU
		{F1CA18AB-62CA-6172-821C-EF3CA54A682A}.Debug|Any CPU.Build.0 = Debug|Any CPU
		{F1CA18AB-62CA-6172-821C-EF3CA54A682A}.Release|Any CPU.ActiveCfg = Release|Any CPU
		{F1CA18AB-62CA-6172-821C-EF3CA54A682A}.Release|Any CPU.Build.0 = Release|Any CPU
	EndGlobalSection
	GlobalSection(SolutionProperties) = preSolution
		HideSolutionNode = FALSE
	EndGlobalSection
	GlobalSection(ExtensibilityGlobals) = postSolution
		SolutionGuid = {4B92FCA7-4421-40DF-81F7-6F4796E38876}
	EndGlobalSection
EndGlobal
